
Microsoft Visual Studio Solution File, Format Version 12.00
# Visual Studio Version 17
VisualStudioVersion = 17.10.34928.147
MinimumVisualStudioVersion = 10.0.40219.1
Project("{FAE04EC0-301F-11D3-BF4B-00C04F79EFBC}") = "TiendaApp", "TiendaApp.csproj", "{A5E03C24-98E9-4258-AEF2-312330A16B87}"
EndProject
Project("{FAE04EC0-301F-11D3-BF4B-00C04F79EFBC}") = "Tienda.Bussiness", "..\Tienda.Bussiness\Tienda.Bussiness.csproj", "{1EC6E883-4FF9-40F4-AB12-450D943332E9}"
EndProject
Project("{FAE04EC0-301F-11D3-BF4B-00C04F79EFBC}") = "Tienda.Data", "..\Tienda.Data\Tienda.Data.csproj", "{74D43354-A196-4509-99C3-B1C09205DA0D}"
EndProject
Project("{FAE04EC0-301F-11D3-BF4B-00C04F79EFBC}") = "Tienda.Entities", "..\Tienda.Entities\Tienda.Entities.csproj", "{F5E3EDE7-A6F9-49F9-9346-E5F383F3DF58}"
EndProject
Project("{FAE04EC0-301F-11D3-BF4B-00C04F79EFBC}") = "Tienda.CrossCutting", "..\Tienda.CrossCutting\Tienda.CrossCutting.csproj", "{A3D7641B-2E46-4162-8B5D-7D5E5CD8E08A}"
EndProject
Global
	GlobalSection(SolutionConfigurationPlatforms) = preSolution
		Debug|Any CPU = Debug|Any CPU
		Release|Any CPU = Release|Any CPU
	EndGlobalSection
	GlobalSection(ProjectConfigurationPlatforms) = postSolution
		{A5E03C24-98E9-4258-AEF2-312330A16B87}.Debug|Any CPU.ActiveCfg = Debug|Any CPU
		{A5E03C24-98E9-4258-AEF2-312330A16B87}.Debug|Any CPU.Build.0 = Debug|Any CPU
		{A5E03C24-98E9-4258-AEF2-312330A16B87}.Release|Any CPU.ActiveCfg = Release|Any CPU
		{A5E03C24-98E9-4258-AEF2-312330A16B87}.Release|Any CPU.Build.0 = Release|Any CPU
		{1EC6E883-4FF9-40F4-AB12-450D943332E9}.Debug|Any CPU.ActiveCfg = Debug|Any CPU
		{1EC6E883-4FF9-40F4-AB12-450D943332E9}.Debug|Any CPU.Build.0 = Debug|Any CPU
		{1EC6E883-4FF9-40F4-AB12-450D943332E9}.Release|Any CPU.ActiveCfg = Release|Any CPU
		{1EC6E883-4FF9-40F4-AB12-450D943332E9}.Release|Any CPU.Build.0 = Release|Any CPU
		{74D43354-A196-4509-99C3-B1C09205DA0D}.Debug|Any CPU.ActiveCfg = Debug|Any CPU
		{74D43354-A196-4509-99C3-B1C09205DA0D}.Debug|Any CPU.Build.0 = Debug|Any CPU
		{74D43354-A196-4509-99C3-B1C09205DA0D}.Release|Any CPU.ActiveCfg = Release|Any CPU
		{74D43354-A196-4509-99C3-B1C09205DA0D}.Release|Any CPU.Build.0 = Release|Any CPU
		{F5E3EDE7-A6F9-49F9-9346-E5F383F3DF58}.Debug|Any CPU.ActiveCfg = Debug|Any CPU
		{F5E3EDE7-A6F9-49F9-9346-E5F383F3DF58}.Debug|Any CPU.Build.0 = Debug|Any CPU
		{F5E3EDE7-A6F9-49F9-9346-E5F383F3DF58}.Release|Any CPU.ActiveCfg = Release|Any CPU
		{F5E3EDE7-A6F9-49F9-9346-E5F383F3DF58}.Release|Any CPU.Build.0 = Release|Any CPU
		{A3D7641B-2E46-4162-8B5D-7D5E5CD8E08A}.Debug|Any CPU.ActiveCfg = Debug|Any CPU
		{A3D7641B-2E46-4162-8B5D-7D5E5CD8E08A}.Debug|Any CPU.Build.0 = Debug|Any CPU
		{A3D7641B-2E46-4162-8B5D-7D5E5CD8E08A}.Release|Any CPU.ActiveCfg = Release|Any CPU
		{A3D7641B-2E46-4162-8B5D-7D5E5CD8E08A}.Release|Any CPU.Build.0 = Release|Any CPU
	EndGlobalSection
	GlobalSection(SolutionProperties) = preSolution
		HideSolutionNode = FALSE
	EndGlobalSection
	GlobalSection(ExtensibilityGlobals) = postSolution
		SolutionGuid = {70CB34DA-266E-49E8-A52D-DEC196A3DDF8}
	EndGlobalSection
EndGlobal
